
Microsoft Visual Studio Solution File, Format Version 12.00
# Visual Studio 14
VisualStudioVersion = 14.0.22823.1
MinimumVisualStudioVersion = 10.0.40219.1
Project("{FAE04EC0-301F-11D3-BF4B-00C04F79EFBC}") = "PopulationGenetics.Client", "PopulationGenetics.Client\PopulationGenetics.Client.csproj", "{BA804C81-B87A-4D78-85FF-FAA718D3613C}"
EndProject
Project("{FAE04EC0-301F-11D3-BF4B-00C04F79EFBC}") = "PopulationGenetics.Library", "PopulationGenetics.World\PopulationGenetics.Library.csproj", "{E91C3CC1-0A63-4E6A-A8FD-9FAF06CCEE4B}"
EndProject
Project("{FAE04EC0-301F-11D3-BF4B-00C04F79EFBC}") = "PopulationGenetics.Common", "PopulationGenetics.Common\PopulationGenetics.Common.csproj", "{2BF28322-72BC-4101-963D-16F5AEB2B707}"
EndProject
Global
	GlobalSection(SolutionConfigurationPlatforms) = preSolution
		Debug|Any CPU = Debug|Any CPU
		Release|Any CPU = Release|Any CPU
	EndGlobalSection
	GlobalSection(ProjectConfigurationPlatforms) = postSolution
		{BA804C81-B87A-4D78-85FF-FAA718D3613C}.Debug|Any CPU.ActiveCfg = Debug|Any CPU
		{BA804C81-B87A-4D78-85FF-FAA718D3613C}.Debug|Any CPU.Build.0 = Debug|Any CPU
		{BA804C81-B87A-4D78-85FF-FAA718D3613C}.Release|Any CPU.ActiveCfg = Release|Any CPU
		{BA804C81-B87A-4D78-85FF-FAA718D3613C}.Release|Any CPU.Build.0 = Release|Any CPU
		{E91C3CC1-0A63-4E6A-A8FD-9FAF06CCEE4B}.Debug|Any CPU.ActiveCfg = Debug|Any CPU
		{E91C3CC1-0A63-4E6A-A8FD-9FAF06CCEE4B}.Debug|Any CPU.Build.0 = Debug|Any CPU
		{E91C3CC1-0A63-4E6A-A8FD-9FAF06CCEE4B}.Release|Any CPU.ActiveCfg = Release|Any CPU
		{E91C3CC1-0A63-4E6A-A8FD-9FAF06CCEE4B}.Release|Any CPU.Build.0 = Release|Any CPU
		{2BF28322-72BC-4101-963D-16F5AEB2B707}.Debug|Any CPU.ActiveCfg = Debug|Any CPU
		{2BF28322-72BC-4101-963D-16F5AEB2B707}.Debug|Any CPU.Build.0 = Debug|Any CPU
		{2BF28322-72BC-4101-963D-16F5AEB2B707}.Release|Any CPU.ActiveCfg = Release|Any CPU
		{2BF28322-72BC-4101-963D-16F5AEB2B707}.Release|Any CPU.Build.0 = Release|Any CPU
	EndGlobalSection
	GlobalSection(SolutionProperties) = preSolution
		HideSolutionNode = FALSE
	EndGlobalSection
EndGlobal
