
Microsoft Visual Studio Solution File, Format Version 12.00
# Visual Studio 14
VisualStudioVersion = 14.0.23107.0
MinimumVisualStudioVersion = 10.0.40219.1
Project("{FAE04EC0-301F-11D3-BF4B-00C04F79EFBC}") = "PopulationGenetics.Client", "PopulationGenetics.Client\PopulationGenetics.Client.csproj", "{BA804C81-B87A-4D78-85FF-FAA718D3613C}"
EndProject
Project("{FAE04EC0-301F-11D3-BF4B-00C04F79EFBC}") = "PopulationGenetics.Library", "PopulationGenetics.World\PopulationGenetics.Library.csproj", "{E91C3CC1-0A63-4E6A-A8FD-9FAF06CCEE4B}"
EndProject
Project("{FAE04EC0-301F-11D3-BF4B-00C04F79EFBC}") = "PopulationGenetics.Common", "PopulationGenetics.Common\PopulationGenetics.Common.csproj", "{2BF28322-72BC-4101-963D-16F5AEB2B707}"
EndProject
Project("{FAE04EC0-301F-11D3-BF4B-00C04F79EFBC}") = "PopulationGenetics.WpfBindings", "PopulationGenetics.WpfBindings\PopulationGenetics.WpfBindings.csproj", "{51CEFF1D-6359-4BD2-BED1-2E3C58CFFDA0}"
EndProject
Project("{FAE04EC0-301F-11D3-BF4B-00C04F79EFBC}") = "PopulationGenetics.Library.Interfaces", "PopulationGenetics.Library.Interfaces\PopulationGenetics.Library.Interfaces.csproj", "{2892F596-4D67-46E1-B973-9C12F680F8AE}"
EndProject
Project("{2150E333-8FDC-42A3-9474-1A3956D46DE8}") = "Solution Items", "Solution Items", "{53F12E73-74BC-49B7-81BC-EEE9961AE7DF}"
	ProjectSection(SolutionItems) = preProject
		Performance1.psess = Performance1.psess
	EndProjectSection
EndProject
Project("{2150E333-8FDC-42A3-9474-1A3956D46DE8}") = "Tests", "Tests", "{A726ECE0-7316-4368-A9E2-587CE7AC23F2}"
EndProject
Project("{FAE04EC0-301F-11D3-BF4B-00C04F79EFBC}") = "PopulationGenetics.Library.Tests", "PopulationGenetics.Library.Tests\PopulationGenetics.Library.Tests.csproj", "{A6E18976-5E28-494E-82A1-BEF348BAC3F3}"
EndProject
Global
	GlobalSection(Performance) = preSolution
		HasPerformanceSessions = true
	EndGlobalSection
	GlobalSection(SolutionConfigurationPlatforms) = preSolution
		Debug|Any CPU = Debug|Any CPU
		Release|Any CPU = Release|Any CPU
	EndGlobalSection
	GlobalSection(ProjectConfigurationPlatforms) = postSolution
		{BA804C81-B87A-4D78-85FF-FAA718D3613C}.Debug|Any CPU.ActiveCfg = Debug|Any CPU
		{BA804C81-B87A-4D78-85FF-FAA718D3613C}.Debug|Any CPU.Build.0 = Debug|Any CPU
		{BA804C81-B87A-4D78-85FF-FAA718D3613C}.Release|Any CPU.ActiveCfg = Release|Any CPU
		{BA804C81-B87A-4D78-85FF-FAA718D3613C}.Release|Any CPU.Build.0 = Release|Any CPU
		{E91C3CC1-0A63-4E6A-A8FD-9FAF06CCEE4B}.Debug|Any CPU.ActiveCfg = Debug|Any CPU
		{E91C3CC1-0A63-4E6A-A8FD-9FAF06CCEE4B}.Debug|Any CPU.Build.0 = Debug|Any CPU
		{E91C3CC1-0A63-4E6A-A8FD-9FAF06CCEE4B}.Release|Any CPU.ActiveCfg = Release|Any CPU
		{E91C3CC1-0A63-4E6A-A8FD-9FAF06CCEE4B}.Release|Any CPU.Build.0 = Release|Any CPU
		{2BF28322-72BC-4101-963D-16F5AEB2B707}.Debug|Any CPU.ActiveCfg = Debug|Any CPU
		{2BF28322-72BC-4101-963D-16F5AEB2B707}.Debug|Any CPU.Build.0 = Debug|Any CPU
		{2BF28322-72BC-4101-963D-16F5AEB2B707}.Release|Any CPU.ActiveCfg = Release|Any CPU
		{2BF28322-72BC-4101-963D-16F5AEB2B707}.Release|Any CPU.Build.0 = Release|Any CPU
		{51CEFF1D-6359-4BD2-BED1-2E3C58CFFDA0}.Debug|Any CPU.ActiveCfg = Debug|Any CPU
		{51CEFF1D-6359-4BD2-BED1-2E3C58CFFDA0}.Debug|Any CPU.Build.0 = Debug|Any CPU
		{51CEFF1D-6359-4BD2-BED1-2E3C58CFFDA0}.Release|Any CPU.ActiveCfg = Release|Any CPU
		{51CEFF1D-6359-4BD2-BED1-2E3C58CFFDA0}.Release|Any CPU.Build.0 = Release|Any CPU
		{2892F596-4D67-46E1-B973-9C12F680F8AE}.Debug|Any CPU.ActiveCfg = Debug|Any CPU
		{2892F596-4D67-46E1-B973-9C12F680F8AE}.Debug|Any CPU.Build.0 = Debug|Any CPU
		{2892F596-4D67-46E1-B973-9C12F680F8AE}.Release|Any CPU.ActiveCfg = Release|Any CPU
		{2892F596-4D67-46E1-B973-9C12F680F8AE}.Release|Any CPU.Build.0 = Release|Any CPU
		{A6E18976-5E28-494E-82A1-BEF348BAC3F3}.Debug|Any CPU.ActiveCfg = Debug|Any CPU
		{A6E18976-5E28-494E-82A1-BEF348BAC3F3}.Debug|Any CPU.Build.0 = Debug|Any CPU
		{A6E18976-5E28-494E-82A1-BEF348BAC3F3}.Release|Any CPU.ActiveCfg = Release|Any CPU
		{A6E18976-5E28-494E-82A1-BEF348BAC3F3}.Release|Any CPU.Build.0 = Release|Any CPU
	EndGlobalSection
	GlobalSection(SolutionProperties) = preSolution
		HideSolutionNode = FALSE
	EndGlobalSection
	GlobalSection(NestedProjects) = preSolution
		{A6E18976-5E28-494E-82A1-BEF348BAC3F3} = {A726ECE0-7316-4368-A9E2-587CE7AC23F2}
	EndGlobalSection
EndGlobal
