
Microsoft Visual Studio Solution File, Format Version 12.00
# Visual Studio 14
VisualStudioVersion = 14.0.24720.0
MinimumVisualStudioVersion = 10.0.40219.1
Project("{FAE04EC0-301F-11D3-BF4B-00C04F79EFBC}") = "PopulationGenetics.Client", "PopulationGenetics.Client\PopulationGenetics.Client.csproj", "{BA804C81-B87A-4D78-85FF-FAA718D3613C}"
EndProject
Project("{FAE04EC0-301F-11D3-BF4B-00C04F79EFBC}") = "PopulationGenetics.Library", "PopulationGenetics.World\PopulationGenetics.Library.csproj", "{E91C3CC1-0A63-4E6A-A8FD-9FAF06CCEE4B}"
EndProject
Project("{FAE04EC0-301F-11D3-BF4B-00C04F79EFBC}") = "PopulationGenetics.Common", "PopulationGenetics.Common\PopulationGenetics.Common.csproj", "{2BF28322-72BC-4101-963D-16F5AEB2B707}"
EndProject
Project("{FAE04EC0-301F-11D3-BF4B-00C04F79EFBC}") = "PopulationGenetics.WpfBindings", "PopulationGenetics.WpfBindings\PopulationGenetics.WpfBindings.csproj", "{51CEFF1D-6359-4BD2-BED1-2E3C58CFFDA0}"
EndProject
Project("{FAE04EC0-301F-11D3-BF4B-00C04F79EFBC}") = "PopulationGenetics.Library.Interfaces", "PopulationGenetics.Library.Interfaces\PopulationGenetics.Library.Interfaces.csproj", "{2892F596-4D67-46E1-B973-9C12F680F8AE}"
EndProject
Project("{2150E333-8FDC-42A3-9474-1A3956D46DE8}") = "Solution Items", "Solution Items", "{53F12E73-74BC-49B7-81BC-EEE9961AE7DF}"
	ProjectSection(SolutionItems) = preProject
		Performance1.psess = Performance1.psess
	EndProjectSection
EndProject
Project("{2150E333-8FDC-42A3-9474-1A3956D46DE8}") = "Tests", "Tests", "{A726ECE0-7316-4368-A9E2-587CE7AC23F2}"
EndProject
Project("{FAE04EC0-301F-11D3-BF4B-00C04F79EFBC}") = "PopulationGenetics.Library.Tests", "PopulationGenetics.Library.Tests\PopulationGenetics.Library.Tests.csproj", "{A6E18976-5E28-494E-82A1-BEF348BAC3F3}"
EndProject
Project("{2150E333-8FDC-42A3-9474-1A3956D46DE8}") = "Windows10Client", "Windows10Client", "{054F1A3D-1C14-4A50-9C64-4FCFF06DFD19}"
EndProject
Project("{FAE04EC0-301F-11D3-BF4B-00C04F79EFBC}") = "PopulationGenetics.Win10.Client", "PopulationGenetics.Win10.Client\PopulationGenetics.Win10.Client.csproj", "{7F892A65-A623-48AE-8F1B-DB9748C48A85}"
EndProject
Project("{2150E333-8FDC-42A3-9474-1A3956D46DE8}") = "API", "API", "{F458A76B-5571-4D59-BF47-81A63511FAC4}"
EndProject
Project("{8BB2217D-0F2D-49D1-97BC-3654ED321F3B}") = "PopulationGenetics.WebApi", "PopulationGenetics.WebApi\PopulationGenetics.WebApi.xproj", "{A5D8D2C2-D6F4-4987-BCFF-72061619A208}"
EndProject
Project("{8BB2217D-0F2D-49D1-97BC-3654ED321F3B}") = "PopulationGenetics.Library.V2", "PopulationGenetics.Library2\PopulationGenetics.Library.V2.xproj", "{1ED7E7A0-9672-4AFA-97CE-E011D23FA1AC}"
EndProject
Project("{8BB2217D-0F2D-49D1-97BC-3654ED321F3B}") = "PopulationGenetics.Common.V2", "PopulationGenetics.Common.New\PopulationGenetics.Common.V2.xproj", "{247190D0-E874-42AE-8B63-0AE7F725E319}"
EndProject
Project("{2150E333-8FDC-42A3-9474-1A3956D46DE8}") = "Legacy", "Legacy", "{129E0432-8361-4842-800D-CD8A4987C439}"
EndProject
Project("{8BB2217D-0F2D-49D1-97BC-3654ED321F3B}") = "PopulationGenetics.Library.V2.Interfaces", "PopulationGenetics.Library.Interfaces.New\PopulationGenetics.Library.V2.Interfaces.xproj", "{A681B961-3AEF-4E53-A254-89F6F69A4A74}"
EndProject
Global
	GlobalSection(SolutionConfigurationPlatforms) = preSolution
		Debug|Any CPU = Debug|Any CPU
		Debug|ARM = Debug|ARM
		Debug|x64 = Debug|x64
		Debug|x86 = Debug|x86
		Release|Any CPU = Release|Any CPU
		Release|ARM = Release|ARM
		Release|x64 = Release|x64
		Release|x86 = Release|x86
	EndGlobalSection
	GlobalSection(ProjectConfigurationPlatforms) = postSolution
		{BA804C81-B87A-4D78-85FF-FAA718D3613C}.Debug|Any CPU.ActiveCfg = Debug|Any CPU
		{BA804C81-B87A-4D78-85FF-FAA718D3613C}.Debug|Any CPU.Build.0 = Debug|Any CPU
		{BA804C81-B87A-4D78-85FF-FAA718D3613C}.Debug|ARM.ActiveCfg = Debug|Any CPU
		{BA804C81-B87A-4D78-85FF-FAA718D3613C}.Debug|ARM.Build.0 = Debug|Any CPU
		{BA804C81-B87A-4D78-85FF-FAA718D3613C}.Debug|x64.ActiveCfg = Debug|Any CPU
		{BA804C81-B87A-4D78-85FF-FAA718D3613C}.Debug|x64.Build.0 = Debug|Any CPU
		{BA804C81-B87A-4D78-85FF-FAA718D3613C}.Debug|x86.ActiveCfg = Debug|Any CPU
		{BA804C81-B87A-4D78-85FF-FAA718D3613C}.Debug|x86.Build.0 = Debug|Any CPU
		{BA804C81-B87A-4D78-85FF-FAA718D3613C}.Release|Any CPU.ActiveCfg = Release|Any CPU
		{BA804C81-B87A-4D78-85FF-FAA718D3613C}.Release|Any CPU.Build.0 = Release|Any CPU
		{BA804C81-B87A-4D78-85FF-FAA718D3613C}.Release|ARM.ActiveCfg = Release|Any CPU
		{BA804C81-B87A-4D78-85FF-FAA718D3613C}.Release|ARM.Build.0 = Release|Any CPU
		{BA804C81-B87A-4D78-85FF-FAA718D3613C}.Release|x64.ActiveCfg = Release|Any CPU
		{BA804C81-B87A-4D78-85FF-FAA718D3613C}.Release|x64.Build.0 = Release|Any CPU
		{BA804C81-B87A-4D78-85FF-FAA718D3613C}.Release|x86.ActiveCfg = Release|Any CPU
		{BA804C81-B87A-4D78-85FF-FAA718D3613C}.Release|x86.Build.0 = Release|Any CPU
		{E91C3CC1-0A63-4E6A-A8FD-9FAF06CCEE4B}.Debug|Any CPU.ActiveCfg = Debug|Any CPU
		{E91C3CC1-0A63-4E6A-A8FD-9FAF06CCEE4B}.Debug|Any CPU.Build.0 = Debug|Any CPU
		{E91C3CC1-0A63-4E6A-A8FD-9FAF06CCEE4B}.Debug|ARM.ActiveCfg = Debug|Any CPU
		{E91C3CC1-0A63-4E6A-A8FD-9FAF06CCEE4B}.Debug|ARM.Build.0 = Debug|Any CPU
		{E91C3CC1-0A63-4E6A-A8FD-9FAF06CCEE4B}.Debug|x64.ActiveCfg = Debug|Any CPU
		{E91C3CC1-0A63-4E6A-A8FD-9FAF06CCEE4B}.Debug|x64.Build.0 = Debug|Any CPU
		{E91C3CC1-0A63-4E6A-A8FD-9FAF06CCEE4B}.Debug|x86.ActiveCfg = Debug|Any CPU
		{E91C3CC1-0A63-4E6A-A8FD-9FAF06CCEE4B}.Debug|x86.Build.0 = Debug|Any CPU
		{E91C3CC1-0A63-4E6A-A8FD-9FAF06CCEE4B}.Release|Any CPU.ActiveCfg = Release|Any CPU
		{E91C3CC1-0A63-4E6A-A8FD-9FAF06CCEE4B}.Release|Any CPU.Build.0 = Release|Any CPU
		{E91C3CC1-0A63-4E6A-A8FD-9FAF06CCEE4B}.Release|ARM.ActiveCfg = Release|Any CPU
		{E91C3CC1-0A63-4E6A-A8FD-9FAF06CCEE4B}.Release|ARM.Build.0 = Release|Any CPU
		{E91C3CC1-0A63-4E6A-A8FD-9FAF06CCEE4B}.Release|x64.ActiveCfg = Release|Any CPU
		{E91C3CC1-0A63-4E6A-A8FD-9FAF06CCEE4B}.Release|x64.Build.0 = Release|Any CPU
		{E91C3CC1-0A63-4E6A-A8FD-9FAF06CCEE4B}.Release|x86.ActiveCfg = Release|Any CPU
		{E91C3CC1-0A63-4E6A-A8FD-9FAF06CCEE4B}.Release|x86.Build.0 = Release|Any CPU
		{2BF28322-72BC-4101-963D-16F5AEB2B707}.Debug|Any CPU.ActiveCfg = Debug|Any CPU
		{2BF28322-72BC-4101-963D-16F5AEB2B707}.Debug|Any CPU.Build.0 = Debug|Any CPU
		{2BF28322-72BC-4101-963D-16F5AEB2B707}.Debug|ARM.ActiveCfg = Debug|Any CPU
		{2BF28322-72BC-4101-963D-16F5AEB2B707}.Debug|ARM.Build.0 = Debug|Any CPU
		{2BF28322-72BC-4101-963D-16F5AEB2B707}.Debug|x64.ActiveCfg = Debug|Any CPU
		{2BF28322-72BC-4101-963D-16F5AEB2B707}.Debug|x64.Build.0 = Debug|Any CPU
		{2BF28322-72BC-4101-963D-16F5AEB2B707}.Debug|x86.ActiveCfg = Debug|Any CPU
		{2BF28322-72BC-4101-963D-16F5AEB2B707}.Debug|x86.Build.0 = Debug|Any CPU
		{2BF28322-72BC-4101-963D-16F5AEB2B707}.Release|Any CPU.ActiveCfg = Release|Any CPU
		{2BF28322-72BC-4101-963D-16F5AEB2B707}.Release|Any CPU.Build.0 = Release|Any CPU
		{2BF28322-72BC-4101-963D-16F5AEB2B707}.Release|ARM.ActiveCfg = Release|Any CPU
		{2BF28322-72BC-4101-963D-16F5AEB2B707}.Release|ARM.Build.0 = Release|Any CPU
		{2BF28322-72BC-4101-963D-16F5AEB2B707}.Release|x64.ActiveCfg = Release|Any CPU
		{2BF28322-72BC-4101-963D-16F5AEB2B707}.Release|x64.Build.0 = Release|Any CPU
		{2BF28322-72BC-4101-963D-16F5AEB2B707}.Release|x86.ActiveCfg = Release|Any CPU
		{2BF28322-72BC-4101-963D-16F5AEB2B707}.Release|x86.Build.0 = Release|Any CPU
		{51CEFF1D-6359-4BD2-BED1-2E3C58CFFDA0}.Debug|Any CPU.ActiveCfg = Debug|Any CPU
		{51CEFF1D-6359-4BD2-BED1-2E3C58CFFDA0}.Debug|Any CPU.Build.0 = Debug|Any CPU
		{51CEFF1D-6359-4BD2-BED1-2E3C58CFFDA0}.Debug|ARM.ActiveCfg = Debug|Any CPU
		{51CEFF1D-6359-4BD2-BED1-2E3C58CFFDA0}.Debug|ARM.Build.0 = Debug|Any CPU
		{51CEFF1D-6359-4BD2-BED1-2E3C58CFFDA0}.Debug|x64.ActiveCfg = Debug|Any CPU
		{51CEFF1D-6359-4BD2-BED1-2E3C58CFFDA0}.Debug|x64.Build.0 = Debug|Any CPU
		{51CEFF1D-6359-4BD2-BED1-2E3C58CFFDA0}.Debug|x86.ActiveCfg = Debug|Any CPU
		{51CEFF1D-6359-4BD2-BED1-2E3C58CFFDA0}.Debug|x86.Build.0 = Debug|Any CPU
		{51CEFF1D-6359-4BD2-BED1-2E3C58CFFDA0}.Release|Any CPU.ActiveCfg = Release|Any CPU
		{51CEFF1D-6359-4BD2-BED1-2E3C58CFFDA0}.Release|Any CPU.Build.0 = Release|Any CPU
		{51CEFF1D-6359-4BD2-BED1-2E3C58CFFDA0}.Release|ARM.ActiveCfg = Release|Any CPU
		{51CEFF1D-6359-4BD2-BED1-2E3C58CFFDA0}.Release|ARM.Build.0 = Release|Any CPU
		{51CEFF1D-6359-4BD2-BED1-2E3C58CFFDA0}.Release|x64.ActiveCfg = Release|Any CPU
		{51CEFF1D-6359-4BD2-BED1-2E3C58CFFDA0}.Release|x64.Build.0 = Release|Any CPU
		{51CEFF1D-6359-4BD2-BED1-2E3C58CFFDA0}.Release|x86.ActiveCfg = Release|Any CPU
		{51CEFF1D-6359-4BD2-BED1-2E3C58CFFDA0}.Release|x86.Build.0 = Release|Any CPU
		{2892F596-4D67-46E1-B973-9C12F680F8AE}.Debug|Any CPU.ActiveCfg = Debug|Any CPU
		{2892F596-4D67-46E1-B973-9C12F680F8AE}.Debug|Any CPU.Build.0 = Debug|Any CPU
		{2892F596-4D67-46E1-B973-9C12F680F8AE}.Debug|ARM.ActiveCfg = Debug|Any CPU
		{2892F596-4D67-46E1-B973-9C12F680F8AE}.Debug|ARM.Build.0 = Debug|Any CPU
		{2892F596-4D67-46E1-B973-9C12F680F8AE}.Debug|x64.ActiveCfg = Debug|Any CPU
		{2892F596-4D67-46E1-B973-9C12F680F8AE}.Debug|x64.Build.0 = Debug|Any CPU
		{2892F596-4D67-46E1-B973-9C12F680F8AE}.Debug|x86.ActiveCfg = Debug|Any CPU
		{2892F596-4D67-46E1-B973-9C12F680F8AE}.Debug|x86.Build.0 = Debug|Any CPU
		{2892F596-4D67-46E1-B973-9C12F680F8AE}.Release|Any CPU.ActiveCfg = Release|Any CPU
		{2892F596-4D67-46E1-B973-9C12F680F8AE}.Release|Any CPU.Build.0 = Release|Any CPU
		{2892F596-4D67-46E1-B973-9C12F680F8AE}.Release|ARM.ActiveCfg = Release|Any CPU
		{2892F596-4D67-46E1-B973-9C12F680F8AE}.Release|ARM.Build.0 = Release|Any CPU
		{2892F596-4D67-46E1-B973-9C12F680F8AE}.Release|x64.ActiveCfg = Release|Any CPU
		{2892F596-4D67-46E1-B973-9C12F680F8AE}.Release|x64.Build.0 = Release|Any CPU
		{2892F596-4D67-46E1-B973-9C12F680F8AE}.Release|x86.ActiveCfg = Release|Any CPU
		{2892F596-4D67-46E1-B973-9C12F680F8AE}.Release|x86.Build.0 = Release|Any CPU
		{A6E18976-5E28-494E-82A1-BEF348BAC3F3}.Debug|Any CPU.ActiveCfg = Debug|Any CPU
		{A6E18976-5E28-494E-82A1-BEF348BAC3F3}.Debug|Any CPU.Build.0 = Debug|Any CPU
		{A6E18976-5E28-494E-82A1-BEF348BAC3F3}.Debug|ARM.ActiveCfg = Debug|Any CPU
		{A6E18976-5E28-494E-82A1-BEF348BAC3F3}.Debug|ARM.Build.0 = Debug|Any CPU
		{A6E18976-5E28-494E-82A1-BEF348BAC3F3}.Debug|x64.ActiveCfg = Debug|Any CPU
		{A6E18976-5E28-494E-82A1-BEF348BAC3F3}.Debug|x64.Build.0 = Debug|Any CPU
		{A6E18976-5E28-494E-82A1-BEF348BAC3F3}.Debug|x86.ActiveCfg = Debug|Any CPU
		{A6E18976-5E28-494E-82A1-BEF348BAC3F3}.Debug|x86.Build.0 = Debug|Any CPU
		{A6E18976-5E28-494E-82A1-BEF348BAC3F3}.Release|Any CPU.ActiveCfg = Release|Any CPU
		{A6E18976-5E28-494E-82A1-BEF348BAC3F3}.Release|Any CPU.Build.0 = Release|Any CPU
		{A6E18976-5E28-494E-82A1-BEF348BAC3F3}.Release|ARM.ActiveCfg = Release|Any CPU
		{A6E18976-5E28-494E-82A1-BEF348BAC3F3}.Release|ARM.Build.0 = Release|Any CPU
		{A6E18976-5E28-494E-82A1-BEF348BAC3F3}.Release|x64.ActiveCfg = Release|Any CPU
		{A6E18976-5E28-494E-82A1-BEF348BAC3F3}.Release|x64.Build.0 = Release|Any CPU
		{A6E18976-5E28-494E-82A1-BEF348BAC3F3}.Release|x86.ActiveCfg = Release|Any CPU
		{A6E18976-5E28-494E-82A1-BEF348BAC3F3}.Release|x86.Build.0 = Release|Any CPU
		{7F892A65-A623-48AE-8F1B-DB9748C48A85}.Debug|Any CPU.ActiveCfg = Debug|x86
		{7F892A65-A623-48AE-8F1B-DB9748C48A85}.Debug|ARM.ActiveCfg = Debug|ARM
		{7F892A65-A623-48AE-8F1B-DB9748C48A85}.Debug|ARM.Build.0 = Debug|ARM
		{7F892A65-A623-48AE-8F1B-DB9748C48A85}.Debug|ARM.Deploy.0 = Debug|ARM
		{7F892A65-A623-48AE-8F1B-DB9748C48A85}.Debug|x64.ActiveCfg = Debug|x64
		{7F892A65-A623-48AE-8F1B-DB9748C48A85}.Debug|x64.Build.0 = Debug|x64
		{7F892A65-A623-48AE-8F1B-DB9748C48A85}.Debug|x64.Deploy.0 = Debug|x64
		{7F892A65-A623-48AE-8F1B-DB9748C48A85}.Debug|x86.ActiveCfg = Debug|x86
		{7F892A65-A623-48AE-8F1B-DB9748C48A85}.Debug|x86.Build.0 = Debug|x86
		{7F892A65-A623-48AE-8F1B-DB9748C48A85}.Debug|x86.Deploy.0 = Debug|x86
		{7F892A65-A623-48AE-8F1B-DB9748C48A85}.Release|Any CPU.ActiveCfg = Release|x86
		{7F892A65-A623-48AE-8F1B-DB9748C48A85}.Release|ARM.ActiveCfg = Release|ARM
		{7F892A65-A623-48AE-8F1B-DB9748C48A85}.Release|ARM.Build.0 = Release|ARM
		{7F892A65-A623-48AE-8F1B-DB9748C48A85}.Release|ARM.Deploy.0 = Release|ARM
		{7F892A65-A623-48AE-8F1B-DB9748C48A85}.Release|x64.ActiveCfg = Release|x64
		{7F892A65-A623-48AE-8F1B-DB9748C48A85}.Release|x64.Build.0 = Release|x64
		{7F892A65-A623-48AE-8F1B-DB9748C48A85}.Release|x64.Deploy.0 = Release|x64
		{7F892A65-A623-48AE-8F1B-DB9748C48A85}.Release|x86.ActiveCfg = Release|x86
		{7F892A65-A623-48AE-8F1B-DB9748C48A85}.Release|x86.Build.0 = Release|x86
		{7F892A65-A623-48AE-8F1B-DB9748C48A85}.Release|x86.Deploy.0 = Release|x86
		{A5D8D2C2-D6F4-4987-BCFF-72061619A208}.Debug|Any CPU.ActiveCfg = Debug|Any CPU
		{A5D8D2C2-D6F4-4987-BCFF-72061619A208}.Debug|Any CPU.Build.0 = Debug|Any CPU
		{A5D8D2C2-D6F4-4987-BCFF-72061619A208}.Debug|ARM.ActiveCfg = Debug|Any CPU
		{A5D8D2C2-D6F4-4987-BCFF-72061619A208}.Debug|ARM.Build.0 = Debug|Any CPU
		{A5D8D2C2-D6F4-4987-BCFF-72061619A208}.Debug|x64.ActiveCfg = Debug|Any CPU
		{A5D8D2C2-D6F4-4987-BCFF-72061619A208}.Debug|x64.Build.0 = Debug|Any CPU
		{A5D8D2C2-D6F4-4987-BCFF-72061619A208}.Debug|x86.ActiveCfg = Debug|Any CPU
		{A5D8D2C2-D6F4-4987-BCFF-72061619A208}.Debug|x86.Build.0 = Debug|Any CPU
		{A5D8D2C2-D6F4-4987-BCFF-72061619A208}.Release|Any CPU.ActiveCfg = Release|Any CPU
		{A5D8D2C2-D6F4-4987-BCFF-72061619A208}.Release|Any CPU.Build.0 = Release|Any CPU
		{A5D8D2C2-D6F4-4987-BCFF-72061619A208}.Release|ARM.ActiveCfg = Release|Any CPU
		{A5D8D2C2-D6F4-4987-BCFF-72061619A208}.Release|ARM.Build.0 = Release|Any CPU
		{A5D8D2C2-D6F4-4987-BCFF-72061619A208}.Release|x64.ActiveCfg = Release|Any CPU
		{A5D8D2C2-D6F4-4987-BCFF-72061619A208}.Release|x64.Build.0 = Release|Any CPU
		{A5D8D2C2-D6F4-4987-BCFF-72061619A208}.Release|x86.ActiveCfg = Release|Any CPU
		{A5D8D2C2-D6F4-4987-BCFF-72061619A208}.Release|x86.Build.0 = Release|Any CPU
		{1ED7E7A0-9672-4AFA-97CE-E011D23FA1AC}.Debug|Any CPU.ActiveCfg = Debug|Any CPU
		{1ED7E7A0-9672-4AFA-97CE-E011D23FA1AC}.Debug|Any CPU.Build.0 = Debug|Any CPU
		{1ED7E7A0-9672-4AFA-97CE-E011D23FA1AC}.Debug|ARM.ActiveCfg = Debug|Any CPU
		{1ED7E7A0-9672-4AFA-97CE-E011D23FA1AC}.Debug|ARM.Build.0 = Debug|Any CPU
		{1ED7E7A0-9672-4AFA-97CE-E011D23FA1AC}.Debug|x64.ActiveCfg = Debug|Any CPU
		{1ED7E7A0-9672-4AFA-97CE-E011D23FA1AC}.Debug|x64.Build.0 = Debug|Any CPU
		{1ED7E7A0-9672-4AFA-97CE-E011D23FA1AC}.Debug|x86.ActiveCfg = Debug|Any CPU
		{1ED7E7A0-9672-4AFA-97CE-E011D23FA1AC}.Debug|x86.Build.0 = Debug|Any CPU
		{1ED7E7A0-9672-4AFA-97CE-E011D23FA1AC}.Release|Any CPU.ActiveCfg = Release|Any CPU
		{1ED7E7A0-9672-4AFA-97CE-E011D23FA1AC}.Release|Any CPU.Build.0 = Release|Any CPU
		{1ED7E7A0-9672-4AFA-97CE-E011D23FA1AC}.Release|ARM.ActiveCfg = Release|Any CPU
		{1ED7E7A0-9672-4AFA-97CE-E011D23FA1AC}.Release|ARM.Build.0 = Release|Any CPU
		{1ED7E7A0-9672-4AFA-97CE-E011D23FA1AC}.Release|x64.ActiveCfg = Release|Any CPU
		{1ED7E7A0-9672-4AFA-97CE-E011D23FA1AC}.Release|x64.Build.0 = Release|Any CPU
		{1ED7E7A0-9672-4AFA-97CE-E011D23FA1AC}.Release|x86.ActiveCfg = Release|Any CPU
		{1ED7E7A0-9672-4AFA-97CE-E011D23FA1AC}.Release|x86.Build.0 = Release|Any CPU
		{247190D0-E874-42AE-8B63-0AE7F725E319}.Debug|Any CPU.ActiveCfg = Debug|Any CPU
		{247190D0-E874-42AE-8B63-0AE7F725E319}.Debug|Any CPU.Build.0 = Debug|Any CPU
		{247190D0-E874-42AE-8B63-0AE7F725E319}.Debug|ARM.ActiveCfg = Debug|Any CPU
		{247190D0-E874-42AE-8B63-0AE7F725E319}.Debug|ARM.Build.0 = Debug|Any CPU
		{247190D0-E874-42AE-8B63-0AE7F725E319}.Debug|x64.ActiveCfg = Debug|Any CPU
		{247190D0-E874-42AE-8B63-0AE7F725E319}.Debug|x64.Build.0 = Debug|Any CPU
		{247190D0-E874-42AE-8B63-0AE7F725E319}.Debug|x86.ActiveCfg = Debug|Any CPU
		{247190D0-E874-42AE-8B63-0AE7F725E319}.Debug|x86.Build.0 = Debug|Any CPU
		{247190D0-E874-42AE-8B63-0AE7F725E319}.Release|Any CPU.ActiveCfg = Release|Any CPU
		{247190D0-E874-42AE-8B63-0AE7F725E319}.Release|Any CPU.Build.0 = Release|Any CPU
		{247190D0-E874-42AE-8B63-0AE7F725E319}.Release|ARM.ActiveCfg = Release|Any CPU
		{247190D0-E874-42AE-8B63-0AE7F725E319}.Release|ARM.Build.0 = Release|Any CPU
		{247190D0-E874-42AE-8B63-0AE7F725E319}.Release|x64.ActiveCfg = Release|Any CPU
		{247190D0-E874-42AE-8B63-0AE7F725E319}.Release|x64.Build.0 = Release|Any CPU
		{247190D0-E874-42AE-8B63-0AE7F725E319}.Release|x86.ActiveCfg = Release|Any CPU
		{247190D0-E874-42AE-8B63-0AE7F725E319}.Release|x86.Build.0 = Release|Any CPU
		{A681B961-3AEF-4E53-A254-89F6F69A4A74}.Debug|Any CPU.ActiveCfg = Debug|Any CPU
		{A681B961-3AEF-4E53-A254-89F6F69A4A74}.Debug|Any CPU.Build.0 = Debug|Any CPU
		{A681B961-3AEF-4E53-A254-89F6F69A4A74}.Debug|ARM.ActiveCfg = Debug|Any CPU
		{A681B961-3AEF-4E53-A254-89F6F69A4A74}.Debug|ARM.Build.0 = Debug|Any CPU
		{A681B961-3AEF-4E53-A254-89F6F69A4A74}.Debug|x64.ActiveCfg = Debug|Any CPU
		{A681B961-3AEF-4E53-A254-89F6F69A4A74}.Debug|x64.Build.0 = Debug|Any CPU
		{A681B961-3AEF-4E53-A254-89F6F69A4A74}.Debug|x86.ActiveCfg = Debug|Any CPU
		{A681B961-3AEF-4E53-A254-89F6F69A4A74}.Debug|x86.Build.0 = Debug|Any CPU
		{A681B961-3AEF-4E53-A254-89F6F69A4A74}.Release|Any CPU.ActiveCfg = Release|Any CPU
		{A681B961-3AEF-4E53-A254-89F6F69A4A74}.Release|Any CPU.Build.0 = Release|Any CPU
		{A681B961-3AEF-4E53-A254-89F6F69A4A74}.Release|ARM.ActiveCfg = Release|Any CPU
		{A681B961-3AEF-4E53-A254-89F6F69A4A74}.Release|ARM.Build.0 = Release|Any CPU
		{A681B961-3AEF-4E53-A254-89F6F69A4A74}.Release|x64.ActiveCfg = Release|Any CPU
		{A681B961-3AEF-4E53-A254-89F6F69A4A74}.Release|x64.Build.0 = Release|Any CPU
		{A681B961-3AEF-4E53-A254-89F6F69A4A74}.Release|x86.ActiveCfg = Release|Any CPU
		{A681B961-3AEF-4E53-A254-89F6F69A4A74}.Release|x86.Build.0 = Release|Any CPU
	EndGlobalSection
	GlobalSection(SolutionProperties) = preSolution
		HideSolutionNode = FALSE
	EndGlobalSection
	GlobalSection(NestedProjects) = preSolution
		{E91C3CC1-0A63-4E6A-A8FD-9FAF06CCEE4B} = {129E0432-8361-4842-800D-CD8A4987C439}
		{2BF28322-72BC-4101-963D-16F5AEB2B707} = {129E0432-8361-4842-800D-CD8A4987C439}
		{51CEFF1D-6359-4BD2-BED1-2E3C58CFFDA0} = {129E0432-8361-4842-800D-CD8A4987C439}
		{2892F596-4D67-46E1-B973-9C12F680F8AE} = {129E0432-8361-4842-800D-CD8A4987C439}
		{A6E18976-5E28-494E-82A1-BEF348BAC3F3} = {A726ECE0-7316-4368-A9E2-587CE7AC23F2}
		{7F892A65-A623-48AE-8F1B-DB9748C48A85} = {054F1A3D-1C14-4A50-9C64-4FCFF06DFD19}
		{A5D8D2C2-D6F4-4987-BCFF-72061619A208} = {F458A76B-5571-4D59-BF47-81A63511FAC4}
	EndGlobalSection
EndGlobal
